
Microsoft Visual Studio Solution File, Format Version 12.00
# Visual Studio Version 17
VisualStudioVersion = 17.1.32228.430
MinimumVisualStudioVersion = 10.0.40219.1
Project("{9A19103F-16F7-4668-BE54-9A1E7A4F7556}") = "TinyFx", "src\TinyFx\TinyFx.csproj", "{95D1641E-BBA4-4E48-9C9C-6FFF12F1D169}"
EndProject
Project("{2150E333-8FDC-42A3-9474-1A3956D46DE8}") = "0-Documents", "0-Documents", "{0AAD5D89-D5C7-4A0A-8CD1-6C510C71EEBD}"
	ProjectSection(SolutionItems) = preProject
		.gitignore = .gitignore
		LICENSE.TXT = LICENSE.TXT
		README.md = README.md
		tinyfx.json = tinyfx.json
	EndProjectSection
	ProjectSection(FolderGlobals) = preProject
		D_5_4TinyFx_4tinyfx_1json__JsonSchema = https://json-schema.org/draft/2019-09/schema
	EndProjectSection
EndProject
Project("{2150E333-8FDC-42A3-9474-1A3956D46DE8}") = "1-.NET Library", "1-.NET Library", "{1FF166BB-BDA2-4A20-8EE9-209B210B1185}"
EndProject
Project("{9A19103F-16F7-4668-BE54-9A1E7A4F7556}") = "TinyFx.Data.MySql", "src\TinyFx.Data.MySql\TinyFx.Data.MySql.csproj", "{5CA22DB9-1DB6-453F-BF50-5D93801FC7C2}"
EndProject
Project("{9A19103F-16F7-4668-BE54-9A1E7A4F7556}") = "TinyFx.Extensions.AutoMapper", "src\TinyFx.Extensions.AutoMapper\TinyFx.Extensions.AutoMapper.csproj", "{02682AC5-1057-4767-ABAD-D4434B0DB8E1}"
EndProject
Project("{9A19103F-16F7-4668-BE54-9A1E7A4F7556}") = "TinyFx.Extensions.EPPlus", "src\TinyFx.Extensions.EPPlus\TinyFx.Extensions.EPPlus.csproj", "{42F738D1-469D-4F65-8A10-FF108A1FF260}"
EndProject
Project("{9A19103F-16F7-4668-BE54-9A1E7A4F7556}") = "TinyFx.Extensions.DotNetty", "src\TinyFx.Extensions.DotNetty\TinyFx.Extensions.DotNetty.csproj", "{66F91633-13DD-4749-830B-D71E0A8DD1A1}"
EndProject
Project("{9A19103F-16F7-4668-BE54-9A1E7A4F7556}") = "TinyFx.Extensions.Serilog", "src\TinyFx.Extensions.Serilog\TinyFx.Extensions.Serilog.csproj", "{F100F833-0DE4-4149-A368-070BD3B2ABFE}"
EndProject
Project("{9A19103F-16F7-4668-BE54-9A1E7A4F7556}") = "TinyFx.Extensions.RabbitMQ", "src\TinyFx.Extensions.RabbitMQ\TinyFx.Extensions.RabbitMQ.csproj", "{18755CBA-F0EC-456C-805A-2A4C745BD7FD}"
EndProject
Project("{9A19103F-16F7-4668-BE54-9A1E7A4F7556}") = "TinyFx.Extensions.StackExchangeRedis", "src\TinyFx.Extensions.StackExchangeRedis\TinyFx.Extensions.StackExchangeRedis.csproj", "{7C33EF19-DCCE-499B-80B1-D40D035E4CA6}"
EndProject
Project("{2150E333-8FDC-42A3-9474-1A3956D46DE8}") = "3-Demo", "3-Demo", "{479C6C03-AE11-4CF0-B338-B6E98FE09C25}"
EndProject
Project("{9A19103F-16F7-4668-BE54-9A1E7A4F7556}") = "TinyFx.AspNet", "src\TinyFx.AspNet\TinyFx.AspNet.csproj", "{E8D21307-3B39-4290-AD18-6A958E806846}"
EndProject
Project("{9A19103F-16F7-4668-BE54-9A1E7A4F7556}") = "Demo.WebAPI", "demo\Demo.WebAPI\Demo.WebAPI.csproj", "{B9EBCE39-CB6D-4B50-8126-07B387C2DBCF}"
EndProject
Project("{9A19103F-16F7-4668-BE54-9A1E7A4F7556}") = "Demo.DotNettyHost", "demo\Demo.DotNettyHost\Demo.DotNettyHost.csproj", "{56A881FB-4EC9-45BD-AC20-37F8DD9B05CC}"
EndProject
Project("{9A19103F-16F7-4668-BE54-9A1E7A4F7556}") = "TinyFx.Demos", "demo\TinyFx.Demos\TinyFx.Demos.csproj", "{2A96D9DC-5343-4D5A-8E41-72023354790C}"
EndProject
Project("{2150E333-8FDC-42A3-9474-1A3956D46DE8}") = "2-Admin", "2-Admin", "{E38C5D3F-01C8-426B-AB0D-FA2F6BBADDE9}"
EndProject
Project("{9A19103F-16F7-4668-BE54-9A1E7A4F7556}") = "TinyFx.Admin", "src\TinyFx.Admin\TinyFx.Admin.csproj", "{2F40D8A7-9BD0-487D-A4BF-3EFC3D8BABC0}"
EndProject
Project("{9A19103F-16F7-4668-BE54-9A1E7A4F7556}") = "AdminDemo", "demo\AdminDemo\AdminDemo.csproj", "{83DE3DB5-F0EE-4629-BAA1-82590A451141}"
EndProject
Global
	GlobalSection(SolutionConfigurationPlatforms) = preSolution
		Debug|Any CPU = Debug|Any CPU
		Release|Any CPU = Release|Any CPU
	EndGlobalSection
	GlobalSection(ProjectConfigurationPlatforms) = postSolution
		{95D1641E-BBA4-4E48-9C9C-6FFF12F1D169}.Debug|Any CPU.ActiveCfg = Debug|Any CPU
		{95D1641E-BBA4-4E48-9C9C-6FFF12F1D169}.Debug|Any CPU.Build.0 = Debug|Any CPU
		{95D1641E-BBA4-4E48-9C9C-6FFF12F1D169}.Release|Any CPU.ActiveCfg = Release|Any CPU
		{95D1641E-BBA4-4E48-9C9C-6FFF12F1D169}.Release|Any CPU.Build.0 = Release|Any CPU
		{5CA22DB9-1DB6-453F-BF50-5D93801FC7C2}.Debug|Any CPU.ActiveCfg = Debug|Any CPU
		{5CA22DB9-1DB6-453F-BF50-5D93801FC7C2}.Debug|Any CPU.Build.0 = Debug|Any CPU
		{5CA22DB9-1DB6-453F-BF50-5D93801FC7C2}.Release|Any CPU.ActiveCfg = Release|Any CPU
		{5CA22DB9-1DB6-453F-BF50-5D93801FC7C2}.Release|Any CPU.Build.0 = Release|Any CPU
		{02682AC5-1057-4767-ABAD-D4434B0DB8E1}.Debug|Any CPU.ActiveCfg = Debug|Any CPU
		{02682AC5-1057-4767-ABAD-D4434B0DB8E1}.Debug|Any CPU.Build.0 = Debug|Any CPU
		{02682AC5-1057-4767-ABAD-D4434B0DB8E1}.Release|Any CPU.ActiveCfg = Release|Any CPU
		{02682AC5-1057-4767-ABAD-D4434B0DB8E1}.Release|Any CPU.Build.0 = Release|Any CPU
		{42F738D1-469D-4F65-8A10-FF108A1FF260}.Debug|Any CPU.ActiveCfg = Debug|Any CPU
		{42F738D1-469D-4F65-8A10-FF108A1FF260}.Debug|Any CPU.Build.0 = Debug|Any CPU
		{42F738D1-469D-4F65-8A10-FF108A1FF260}.Release|Any CPU.ActiveCfg = Release|Any CPU
		{42F738D1-469D-4F65-8A10-FF108A1FF260}.Release|Any CPU.Build.0 = Release|Any CPU
		{66F91633-13DD-4749-830B-D71E0A8DD1A1}.Debug|Any CPU.ActiveCfg = Debug|Any CPU
		{66F91633-13DD-4749-830B-D71E0A8DD1A1}.Debug|Any CPU.Build.0 = Debug|Any CPU
		{66F91633-13DD-4749-830B-D71E0A8DD1A1}.Release|Any CPU.ActiveCfg = Release|Any CPU
		{66F91633-13DD-4749-830B-D71E0A8DD1A1}.Release|Any CPU.Build.0 = Release|Any CPU
		{F100F833-0DE4-4149-A368-070BD3B2ABFE}.Debug|Any CPU.ActiveCfg = Debug|Any CPU
		{F100F833-0DE4-4149-A368-070BD3B2ABFE}.Debug|Any CPU.Build.0 = Debug|Any CPU
		{F100F833-0DE4-4149-A368-070BD3B2ABFE}.Release|Any CPU.ActiveCfg = Release|Any CPU
		{F100F833-0DE4-4149-A368-070BD3B2ABFE}.Release|Any CPU.Build.0 = Release|Any CPU
		{18755CBA-F0EC-456C-805A-2A4C745BD7FD}.Debug|Any CPU.ActiveCfg = Debug|Any CPU
		{18755CBA-F0EC-456C-805A-2A4C745BD7FD}.Debug|Any CPU.Build.0 = Debug|Any CPU
		{18755CBA-F0EC-456C-805A-2A4C745BD7FD}.Release|Any CPU.ActiveCfg = Release|Any CPU
		{18755CBA-F0EC-456C-805A-2A4C745BD7FD}.Release|Any CPU.Build.0 = Release|Any CPU
		{7C33EF19-DCCE-499B-80B1-D40D035E4CA6}.Debug|Any CPU.ActiveCfg = Debug|Any CPU
		{7C33EF19-DCCE-499B-80B1-D40D035E4CA6}.Debug|Any CPU.Build.0 = Debug|Any CPU
		{7C33EF19-DCCE-499B-80B1-D40D035E4CA6}.Release|Any CPU.ActiveCfg = Release|Any CPU
		{7C33EF19-DCCE-499B-80B1-D40D035E4CA6}.Release|Any CPU.Build.0 = Release|Any CPU
		{E8D21307-3B39-4290-AD18-6A958E806846}.Debug|Any CPU.ActiveCfg = Debug|Any CPU
		{E8D21307-3B39-4290-AD18-6A958E806846}.Debug|Any CPU.Build.0 = Debug|Any CPU
		{E8D21307-3B39-4290-AD18-6A958E806846}.Release|Any CPU.ActiveCfg = Release|Any CPU
		{E8D21307-3B39-4290-AD18-6A958E806846}.Release|Any CPU.Build.0 = Release|Any CPU
		{B9EBCE39-CB6D-4B50-8126-07B387C2DBCF}.Debug|Any CPU.ActiveCfg = Debug|Any CPU
		{B9EBCE39-CB6D-4B50-8126-07B387C2DBCF}.Release|Any CPU.ActiveCfg = Release|Any CPU
		{B9EBCE39-CB6D-4B50-8126-07B387C2DBCF}.Release|Any CPU.Build.0 = Release|Any CPU
		{56A881FB-4EC9-45BD-AC20-37F8DD9B05CC}.Debug|Any CPU.ActiveCfg = Debug|Any CPU
		{56A881FB-4EC9-45BD-AC20-37F8DD9B05CC}.Debug|Any CPU.Build.0 = Debug|Any CPU
		{56A881FB-4EC9-45BD-AC20-37F8DD9B05CC}.Release|Any CPU.ActiveCfg = Release|Any CPU
		{56A881FB-4EC9-45BD-AC20-37F8DD9B05CC}.Release|Any CPU.Build.0 = Release|Any CPU
		{2A96D9DC-5343-4D5A-8E41-72023354790C}.Debug|Any CPU.ActiveCfg = Debug|Any CPU
		{2A96D9DC-5343-4D5A-8E41-72023354790C}.Debug|Any CPU.Build.0 = Debug|Any CPU
		{2A96D9DC-5343-4D5A-8E41-72023354790C}.Release|Any CPU.ActiveCfg = Release|Any CPU
		{2A96D9DC-5343-4D5A-8E41-72023354790C}.Release|Any CPU.Build.0 = Release|Any CPU
		{2F40D8A7-9BD0-487D-A4BF-3EFC3D8BABC0}.Debug|Any CPU.ActiveCfg = Debug|Any CPU
		{2F40D8A7-9BD0-487D-A4BF-3EFC3D8BABC0}.Debug|Any CPU.Build.0 = Debug|Any CPU
		{2F40D8A7-9BD0-487D-A4BF-3EFC3D8BABC0}.Release|Any CPU.ActiveCfg = Release|Any CPU
		{2F40D8A7-9BD0-487D-A4BF-3EFC3D8BABC0}.Release|Any CPU.Build.0 = Release|Any CPU
		{83DE3DB5-F0EE-4629-BAA1-82590A451141}.Debug|Any CPU.ActiveCfg = Debug|Any CPU
		{83DE3DB5-F0EE-4629-BAA1-82590A451141}.Debug|Any CPU.Build.0 = Debug|Any CPU
		{83DE3DB5-F0EE-4629-BAA1-82590A451141}.Release|Any CPU.ActiveCfg = Release|Any CPU
		{83DE3DB5-F0EE-4629-BAA1-82590A451141}.Release|Any CPU.Build.0 = Release|Any CPU
	EndGlobalSection
	GlobalSection(SolutionProperties) = preSolution
		HideSolutionNode = FALSE
	EndGlobalSection
	GlobalSection(NestedProjects) = preSolution
		{95D1641E-BBA4-4E48-9C9C-6FFF12F1D169} = {1FF166BB-BDA2-4A20-8EE9-209B210B1185}
		{5CA22DB9-1DB6-453F-BF50-5D93801FC7C2} = {1FF166BB-BDA2-4A20-8EE9-209B210B1185}
		{02682AC5-1057-4767-ABAD-D4434B0DB8E1} = {1FF166BB-BDA2-4A20-8EE9-209B210B1185}
		{42F738D1-469D-4F65-8A10-FF108A1FF260} = {1FF166BB-BDA2-4A20-8EE9-209B210B1185}
		{66F91633-13DD-4749-830B-D71E0A8DD1A1} = {1FF166BB-BDA2-4A20-8EE9-209B210B1185}
		{F100F833-0DE4-4149-A368-070BD3B2ABFE} = {1FF166BB-BDA2-4A20-8EE9-209B210B1185}
		{18755CBA-F0EC-456C-805A-2A4C745BD7FD} = {1FF166BB-BDA2-4A20-8EE9-209B210B1185}
		{7C33EF19-DCCE-499B-80B1-D40D035E4CA6} = {1FF166BB-BDA2-4A20-8EE9-209B210B1185}
		{E8D21307-3B39-4290-AD18-6A958E806846} = {1FF166BB-BDA2-4A20-8EE9-209B210B1185}
		{B9EBCE39-CB6D-4B50-8126-07B387C2DBCF} = {479C6C03-AE11-4CF0-B338-B6E98FE09C25}
		{56A881FB-4EC9-45BD-AC20-37F8DD9B05CC} = {479C6C03-AE11-4CF0-B338-B6E98FE09C25}
		{2A96D9DC-5343-4D5A-8E41-72023354790C} = {479C6C03-AE11-4CF0-B338-B6E98FE09C25}
		{2F40D8A7-9BD0-487D-A4BF-3EFC3D8BABC0} = {E38C5D3F-01C8-426B-AB0D-FA2F6BBADDE9}
		{83DE3DB5-F0EE-4629-BAA1-82590A451141} = {E38C5D3F-01C8-426B-AB0D-FA2F6BBADDE9}
	EndGlobalSection
	GlobalSection(ExtensibilityGlobals) = postSolution
		SolutionGuid = {A6FDC92E-FBF2-40CE-9A71-2A4B6A4E6F3E}
	EndGlobalSection
EndGlobal
